
Microsoft Visual Studio Solution File, Format Version 12.00
# Visual Studio Version 16
VisualStudioVersion = 16.0.30114.105
MinimumVisualStudioVersion = 10.0.40219.1
Project("{FAE04EC0-301F-11D3-BF4B-00C04F79EFBC}") = "SingleLinkedListStudentManagment", "ConsoleApp1\SingleLinkedListStudentManagment.csproj", "{210766D3-D1A3-4D15-BEF5-EC4AF65EA86E}"
EndProject
Global
	GlobalSection(SolutionConfigurationPlatforms) = preSolution
		Debug|Any CPU = Debug|Any CPU
		Release|Any CPU = Release|Any CPU
	EndGlobalSection
	GlobalSection(ProjectConfigurationPlatforms) = postSolution
		{210766D3-D1A3-4D15-BEF5-EC4AF65EA86E}.Debug|Any CPU.ActiveCfg = Debug|Any CPU
		{210766D3-D1A3-4D15-BEF5-EC4AF65EA86E}.Debug|Any CPU.Build.0 = Debug|Any CPU
		{210766D3-D1A3-4D15-BEF5-EC4AF65EA86E}.Release|Any CPU.ActiveCfg = Release|Any CPU
		{210766D3-D1A3-4D15-BEF5-EC4AF65EA86E}.Release|Any CPU.Build.0 = Release|Any CPU
	EndGlobalSection
	GlobalSection(SolutionProperties) = preSolution
		HideSolutionNode = FALSE
	EndGlobalSection
	GlobalSection(ExtensibilityGlobals) = postSolution
		SolutionGuid = {1798D1A6-4435-4D04-A9AB-14A794DC55E0}
	EndGlobalSection
EndGlobal
